
Microsoft Visual Studio Solution File, Format Version 12.00
# Visual Studio Version 17
VisualStudioVersion = 17.2.32519.379
MinimumVisualStudioVersion = 10.0.40219.1
Project("{2150E333-8FDC-42A3-9474-1A3956D46DE8}") = "src", "src", "{92D913E0-A8F2-4191-BE38-FA2A342A6207}"
EndProject
Project("{2150E333-8FDC-42A3-9474-1A3956D46DE8}") = "Api", "Api", "{5A484A27-3429-4A20-88BB-0A8031FB6F01}"
EndProject
Project("{2150E333-8FDC-42A3-9474-1A3956D46DE8}") = "Clients", "Clients", "{1AF735BC-6857-4A8B-971C-3E7A3F1CD476}"
EndProject
Project("{2150E333-8FDC-42A3-9474-1A3956D46DE8}") = "Common", "Common", "{CDF4100E-E34D-429C-A2B3-DA0A71EBB396}"
EndProject
Project("{FAE04EC0-301F-11D3-BF4B-00C04F79EFBC}") = "BlazorSozluk.Common", "src\Common\BlazorSozluk.Common\BlazorSozluk.Common.csproj", "{217F3FC6-93EC-40DA-8032-06D1FD9E1E80}"
EndProject
Project("{2150E333-8FDC-42A3-9474-1A3956D46DE8}") = "Core", "Core", "{E90BDCB0-7FA9-4ED2-8111-A5B4421EFE3C}"
EndProject
Project("{2150E333-8FDC-42A3-9474-1A3956D46DE8}") = "Infrastructure", "Infrastructure", "{BB2510A3-E010-415B-969D-FBE79E16175D}"
EndProject
Project("{2150E333-8FDC-42A3-9474-1A3956D46DE8}") = "WebApi", "WebApi", "{E0F65AA8-FFBA-4043-9A92-4AD40F249668}"
EndProject
Project("{FAE04EC0-301F-11D3-BF4B-00C04F79EFBC}") = "BlazorSozluk.Api.Domain", "src\Api\Core\BlazorSozluk.Api.Domain\BlazorSozluk.Api.Domain.csproj", "{371CCB58-F4A8-46C6-9A53-ECB252C275C8}"
EndProject
Project("{FAE04EC0-301F-11D3-BF4B-00C04F79EFBC}") = "BlazorSozluk.Api.Application", "src\Api\Core\BlazorSozluk.Api.Application\BlazorSozluk.Api.Application.csproj", "{DA0FD307-45FE-4D97-8780-BFFC3527884E}"
EndProject
Project("{FAE04EC0-301F-11D3-BF4B-00C04F79EFBC}") = "BlazorSozluk.Infrastructure.Persistence", "src\Api\Infrastructure\BlazorSozluk.Infrastructure.Persistence\BlazorSozluk.Infrastructure.Persistence.csproj", "{E9CC43DC-379D-45BE-8147-FF5A0C8395EB}"
EndProject
Project("{FAE04EC0-301F-11D3-BF4B-00C04F79EFBC}") = "BlazorSozluk.Api.WebApi", "src\Api\WebApi\BlazorSozluk.Api.WebApi\BlazorSozluk.Api.WebApi.csproj", "{F99AC2DF-5222-4540-861D-2F452A3D4D89}"
EndProject
Project("{2150E333-8FDC-42A3-9474-1A3956D46DE8}") = "Projections", "Projections", "{B1F8EA9A-1E1E-413A-955C-852098F1C082}"
EndProject
Project("{FAE04EC0-301F-11D3-BF4B-00C04F79EFBC}") = "BlazorSozluk.Projections.FavoriteService", "src\Projections\BlazorSozluk.Projections.FavoriteService\BlazorSozluk.Projections.FavoriteService.csproj", "{7557C1B2-D893-4EDF-952B-A0F600E460EB}"
EndProject
Project("{FAE04EC0-301F-11D3-BF4B-00C04F79EFBC}") = "BlazorSozluk.Projections.VoteService", "src\Projections\BlazorSozluk.Projections.VoteService\BlazorSozluk.Projections.VoteService.csproj", "{90188156-E84C-4B5D-B42C-3AF91020D6FF}"
EndProject
Project("{FAE04EC0-301F-11D3-BF4B-00C04F79EFBC}") = "BlazorSozluk.Projections.UserService", "src\Projections\BlazorSozluk.Projections.UserService\BlazorSozluk.Projections.UserService.csproj", "{FC62F5FB-23DE-4E40-BD22-3127395FED81}"
EndProject
Project("{2150E333-8FDC-42A3-9474-1A3956D46DE8}") = "BlazorWeb", "BlazorWeb", "{2CE2D866-1A5F-47EE-AEB1-BF493383BD93}"
EndProject
Project("{FAE04EC0-301F-11D3-BF4B-00C04F79EFBC}") = "BlazorSozluk.WebApp", "src\Clients\BlazorWeb\BlazorSozluk.WebApp\BlazorSozluk.WebApp.csproj", "{BBC28B2D-700B-46E7-B2EB-B3D64A8E65EA}"
EndProject
Global
	GlobalSection(SolutionConfigurationPlatforms) = preSolution
		Debug|Any CPU = Debug|Any CPU
		Release|Any CPU = Release|Any CPU
	EndGlobalSection
	GlobalSection(ProjectConfigurationPlatforms) = postSolution
		{217F3FC6-93EC-40DA-8032-06D1FD9E1E80}.Debug|Any CPU.ActiveCfg = Debug|Any CPU
		{217F3FC6-93EC-40DA-8032-06D1FD9E1E80}.Debug|Any CPU.Build.0 = Debug|Any CPU
		{217F3FC6-93EC-40DA-8032-06D1FD9E1E80}.Release|Any CPU.ActiveCfg = Release|Any CPU
		{217F3FC6-93EC-40DA-8032-06D1FD9E1E80}.Release|Any CPU.Build.0 = Release|Any CPU
		{371CCB58-F4A8-46C6-9A53-ECB252C275C8}.Debug|Any CPU.ActiveCfg = Debug|Any CPU
		{371CCB58-F4A8-46C6-9A53-ECB252C275C8}.Debug|Any CPU.Build.0 = Debug|Any CPU
		{371CCB58-F4A8-46C6-9A53-ECB252C275C8}.Release|Any CPU.ActiveCfg = Release|Any CPU
		{371CCB58-F4A8-46C6-9A53-ECB252C275C8}.Release|Any CPU.Build.0 = Release|Any CPU
		{DA0FD307-45FE-4D97-8780-BFFC3527884E}.Debug|Any CPU.ActiveCfg = Debug|Any CPU
		{DA0FD307-45FE-4D97-8780-BFFC3527884E}.Debug|Any CPU.Build.0 = Debug|Any CPU
		{DA0FD307-45FE-4D97-8780-BFFC3527884E}.Release|Any CPU.ActiveCfg = Release|Any CPU
		{DA0FD307-45FE-4D97-8780-BFFC3527884E}.Release|Any CPU.Build.0 = Release|Any CPU
		{E9CC43DC-379D-45BE-8147-FF5A0C8395EB}.Debug|Any CPU.ActiveCfg = Debug|Any CPU
		{E9CC43DC-379D-45BE-8147-FF5A0C8395EB}.Debug|Any CPU.Build.0 = Debug|Any CPU
		{E9CC43DC-379D-45BE-8147-FF5A0C8395EB}.Release|Any CPU.ActiveCfg = Release|Any CPU
		{E9CC43DC-379D-45BE-8147-FF5A0C8395EB}.Release|Any CPU.Build.0 = Release|Any CPU
		{F99AC2DF-5222-4540-861D-2F452A3D4D89}.Debug|Any CPU.ActiveCfg = Debug|Any CPU
		{F99AC2DF-5222-4540-861D-2F452A3D4D89}.Debug|Any CPU.Build.0 = Debug|Any CPU
		{F99AC2DF-5222-4540-861D-2F452A3D4D89}.Release|Any CPU.ActiveCfg = Release|Any CPU
		{F99AC2DF-5222-4540-861D-2F452A3D4D89}.Release|Any CPU.Build.0 = Release|Any CPU
		{7557C1B2-D893-4EDF-952B-A0F600E460EB}.Debug|Any CPU.ActiveCfg = Debug|Any CPU
		{7557C1B2-D893-4EDF-952B-A0F600E460EB}.Debug|Any CPU.Build.0 = Debug|Any CPU
		{7557C1B2-D893-4EDF-952B-A0F600E460EB}.Release|Any CPU.ActiveCfg = Release|Any CPU
		{7557C1B2-D893-4EDF-952B-A0F600E460EB}.Release|Any CPU.Build.0 = Release|Any CPU
		{90188156-E84C-4B5D-B42C-3AF91020D6FF}.Debug|Any CPU.ActiveCfg = Debug|Any CPU
		{90188156-E84C-4B5D-B42C-3AF91020D6FF}.Debug|Any CPU.Build.0 = Debug|Any CPU
		{90188156-E84C-4B5D-B42C-3AF91020D6FF}.Release|Any CPU.ActiveCfg = Release|Any CPU
		{90188156-E84C-4B5D-B42C-3AF91020D6FF}.Release|Any CPU.Build.0 = Release|Any CPU
		{FC62F5FB-23DE-4E40-BD22-3127395FED81}.Debug|Any CPU.ActiveCfg = Debug|Any CPU
		{FC62F5FB-23DE-4E40-BD22-3127395FED81}.Debug|Any CPU.Build.0 = Debug|Any CPU
		{FC62F5FB-23DE-4E40-BD22-3127395FED81}.Release|Any CPU.ActiveCfg = Release|Any CPU
		{FC62F5FB-23DE-4E40-BD22-3127395FED81}.Release|Any CPU.Build.0 = Release|Any CPU
		{BBC28B2D-700B-46E7-B2EB-B3D64A8E65EA}.Debug|Any CPU.ActiveCfg = Debug|Any CPU
		{BBC28B2D-700B-46E7-B2EB-B3D64A8E65EA}.Debug|Any CPU.Build.0 = Debug|Any CPU
		{BBC28B2D-700B-46E7-B2EB-B3D64A8E65EA}.Release|Any CPU.ActiveCfg = Release|Any CPU
		{BBC28B2D-700B-46E7-B2EB-B3D64A8E65EA}.Release|Any CPU.Build.0 = Release|Any CPU
	EndGlobalSection
	GlobalSection(SolutionProperties) = preSolution
		HideSolutionNode = FALSE
	EndGlobalSection
	GlobalSection(NestedProjects) = preSolution
		{5A484A27-3429-4A20-88BB-0A8031FB6F01} = {92D913E0-A8F2-4191-BE38-FA2A342A6207}
		{1AF735BC-6857-4A8B-971C-3E7A3F1CD476} = {92D913E0-A8F2-4191-BE38-FA2A342A6207}
		{CDF4100E-E34D-429C-A2B3-DA0A71EBB396} = {92D913E0-A8F2-4191-BE38-FA2A342A6207}
		{217F3FC6-93EC-40DA-8032-06D1FD9E1E80} = {CDF4100E-E34D-429C-A2B3-DA0A71EBB396}
		{E90BDCB0-7FA9-4ED2-8111-A5B4421EFE3C} = {5A484A27-3429-4A20-88BB-0A8031FB6F01}
		{BB2510A3-E010-415B-969D-FBE79E16175D} = {5A484A27-3429-4A20-88BB-0A8031FB6F01}
		{E0F65AA8-FFBA-4043-9A92-4AD40F249668} = {5A484A27-3429-4A20-88BB-0A8031FB6F01}
		{371CCB58-F4A8-46C6-9A53-ECB252C275C8} = {E90BDCB0-7FA9-4ED2-8111-A5B4421EFE3C}
		{DA0FD307-45FE-4D97-8780-BFFC3527884E} = {E90BDCB0-7FA9-4ED2-8111-A5B4421EFE3C}
		{E9CC43DC-379D-45BE-8147-FF5A0C8395EB} = {BB2510A3-E010-415B-969D-FBE79E16175D}
		{F99AC2DF-5222-4540-861D-2F452A3D4D89} = {E0F65AA8-FFBA-4043-9A92-4AD40F249668}
		{B1F8EA9A-1E1E-413A-955C-852098F1C082} = {92D913E0-A8F2-4191-BE38-FA2A342A6207}
		{7557C1B2-D893-4EDF-952B-A0F600E460EB} = {B1F8EA9A-1E1E-413A-955C-852098F1C082}
		{90188156-E84C-4B5D-B42C-3AF91020D6FF} = {B1F8EA9A-1E1E-413A-955C-852098F1C082}
		{FC62F5FB-23DE-4E40-BD22-3127395FED81} = {B1F8EA9A-1E1E-413A-955C-852098F1C082}
		{2CE2D866-1A5F-47EE-AEB1-BF493383BD93} = {1AF735BC-6857-4A8B-971C-3E7A3F1CD476}
		{BBC28B2D-700B-46E7-B2EB-B3D64A8E65EA} = {2CE2D866-1A5F-47EE-AEB1-BF493383BD93}
	EndGlobalSection
	GlobalSection(ExtensibilityGlobals) = postSolution
		SolutionGuid = {EE0F9CB9-7331-4BE6-8AC1-B08214D04A21}
	EndGlobalSection
EndGlobal
